
Microsoft Visual Studio Solution File, Format Version 12.00
# Visual Studio Version 17
VisualStudioVersion = 17.2.32630.192
MinimumVisualStudioVersion = 10.0.40219.1
Project("{888888A0-9F3D-457C-B088-3A5042F75D52}") = "AutoProp", "AutoProp.pyproj", "{8D16A97D-71F9-435D-9DD4-498FE35C306B}"
EndProject
Global
	GlobalSection(SolutionConfigurationPlatforms) = preSolution
		Debug|Any CPU = Debug|Any CPU
		Release|Any CPU = Release|Any CPU
	EndGlobalSection
	GlobalSection(ProjectConfigurationPlatforms) = postSolution
		{8D16A97D-71F9-435D-9DD4-498FE35C306B}.Debug|Any CPU.ActiveCfg = Debug|Any CPU
		{8D16A97D-71F9-435D-9DD4-498FE35C306B}.Release|Any CPU.ActiveCfg = Release|Any CPU
	EndGlobalSection
	GlobalSection(SolutionProperties) = preSolution
		HideSolutionNode = FALSE
	EndGlobalSection
	GlobalSection(ExtensibilityGlobals) = postSolution
		SolutionGuid = {4AD46C52-7307-4D12-9B7E-2617A71ACE40}
	EndGlobalSection
EndGlobal
